
Microsoft Visual Studio Solution File, Format Version 12.00
# Visual Studio Version 16
VisualStudioVersion = 16.0.31613.86
MinimumVisualStudioVersion = 10.0.40219.1
Project("{FAE04EC0-301F-11D3-BF4B-00C04F79EFBC}") = "FitnessApp_View", "FitnessApp\FitnessApp_View.csproj", "{C28EB6A3-14E2-4B54-BA49-B3E8296D790D}"
EndProject
Project("{FAE04EC0-301F-11D3-BF4B-00C04F79EFBC}") = "FitnessApp.BL", "FitnessApp.BL\FitnessApp.BL.csproj", "{100182E0-909F-484E-B6A8-35F65099A9F2}"
EndProject
Global
	GlobalSection(SolutionConfigurationPlatforms) = preSolution
		Debug|Any CPU = Debug|Any CPU
		Release|Any CPU = Release|Any CPU
	EndGlobalSection
	GlobalSection(ProjectConfigurationPlatforms) = postSolution
		{C28EB6A3-14E2-4B54-BA49-B3E8296D790D}.Debug|Any CPU.ActiveCfg = Debug|Any CPU
		{C28EB6A3-14E2-4B54-BA49-B3E8296D790D}.Debug|Any CPU.Build.0 = Debug|Any CPU
		{C28EB6A3-14E2-4B54-BA49-B3E8296D790D}.Release|Any CPU.ActiveCfg = Release|Any CPU
		{C28EB6A3-14E2-4B54-BA49-B3E8296D790D}.Release|Any CPU.Build.0 = Release|Any CPU
		{100182E0-909F-484E-B6A8-35F65099A9F2}.Debug|Any CPU.ActiveCfg = Debug|Any CPU
		{100182E0-909F-484E-B6A8-35F65099A9F2}.Debug|Any CPU.Build.0 = Debug|Any CPU
		{100182E0-909F-484E-B6A8-35F65099A9F2}.Release|Any CPU.ActiveCfg = Release|Any CPU
		{100182E0-909F-484E-B6A8-35F65099A9F2}.Release|Any CPU.Build.0 = Release|Any CPU
	EndGlobalSection
	GlobalSection(SolutionProperties) = preSolution
		HideSolutionNode = FALSE
	EndGlobalSection
	GlobalSection(ExtensibilityGlobals) = postSolution
		SolutionGuid = {007D3A60-7D1E-4C56-9E82-9A1DE97E6C4B}
	EndGlobalSection
EndGlobal
